
Microsoft Visual Studio Solution File, Format Version 12.00
# Visual Studio Version 16
VisualStudioVersion = 16.0.29806.167
MinimumVisualStudioVersion = 10.0.40219.1
Project("{FAE04EC0-301F-11D3-BF4B-00C04F79EFBC}") = "Data", "Data\Data.csproj", "{C6239344-C5C7-495D-9DA2-2AA0C79D7BD6}"
EndProject
Project("{FAE04EC0-301F-11D3-BF4B-00C04F79EFBC}") = "Mvc", "Mvc\Mvc.csproj", "{6F40CFE1-FFB7-48F1-989B-DD657E92EDE9}"
EndProject
Project("{FAE04EC0-301F-11D3-BF4B-00C04F79EFBC}") = "SeedData", "SeedData\SeedData.csproj", "{BAC23860-DFBF-4A0C-BE89-AE402C38B593}"
EndProject
Global
	GlobalSection(SolutionConfigurationPlatforms) = preSolution
		Debug|Any CPU = Debug|Any CPU
		Release|Any CPU = Release|Any CPU
	EndGlobalSection
	GlobalSection(ProjectConfigurationPlatforms) = postSolution
		{C6239344-C5C7-495D-9DA2-2AA0C79D7BD6}.Debug|Any CPU.ActiveCfg = Debug|Any CPU
		{C6239344-C5C7-495D-9DA2-2AA0C79D7BD6}.Debug|Any CPU.Build.0 = Debug|Any CPU
		{C6239344-C5C7-495D-9DA2-2AA0C79D7BD6}.Release|Any CPU.ActiveCfg = Release|Any CPU
		{C6239344-C5C7-495D-9DA2-2AA0C79D7BD6}.Release|Any CPU.Build.0 = Release|Any CPU
		{6F40CFE1-FFB7-48F1-989B-DD657E92EDE9}.Debug|Any CPU.ActiveCfg = Debug|Any CPU
		{6F40CFE1-FFB7-48F1-989B-DD657E92EDE9}.Debug|Any CPU.Build.0 = Debug|Any CPU
		{6F40CFE1-FFB7-48F1-989B-DD657E92EDE9}.Release|Any CPU.ActiveCfg = Release|Any CPU
		{6F40CFE1-FFB7-48F1-989B-DD657E92EDE9}.Release|Any CPU.Build.0 = Release|Any CPU
		{BAC23860-DFBF-4A0C-BE89-AE402C38B593}.Debug|Any CPU.ActiveCfg = Debug|Any CPU
		{BAC23860-DFBF-4A0C-BE89-AE402C38B593}.Debug|Any CPU.Build.0 = Debug|Any CPU
		{BAC23860-DFBF-4A0C-BE89-AE402C38B593}.Release|Any CPU.ActiveCfg = Release|Any CPU
		{BAC23860-DFBF-4A0C-BE89-AE402C38B593}.Release|Any CPU.Build.0 = Release|Any CPU
	EndGlobalSection
	GlobalSection(SolutionProperties) = preSolution
		HideSolutionNode = FALSE
	EndGlobalSection
	GlobalSection(ExtensibilityGlobals) = postSolution
		SolutionGuid = {D166C075-FE5F-405F-A0A3-0F5238AC5EE6}
	EndGlobalSection
EndGlobal
